
Microsoft Visual Studio Solution File, Format Version 12.00
# Visual Studio Version 17
VisualStudioVersion = 17.4.33213.308
MinimumVisualStudioVersion = 10.0.40219.1
Project("{FAE04EC0-301F-11D3-BF4B-00C04F79EFBC}") = "01_Tipos_de_datos_y_var", "01_Tipos_de_datos_y_var\01_Tipos_de_datos_y_var.csproj", "{2FEFD7DD-F6F0-4DED-8795-A08B3F09D09C}"
EndProject
Global
	GlobalSection(SolutionConfigurationPlatforms) = preSolution
		Debug|Any CPU = Debug|Any CPU
		Release|Any CPU = Release|Any CPU
	EndGlobalSection
	GlobalSection(ProjectConfigurationPlatforms) = postSolution
		{2FEFD7DD-F6F0-4DED-8795-A08B3F09D09C}.Debug|Any CPU.ActiveCfg = Debug|Any CPU
		{2FEFD7DD-F6F0-4DED-8795-A08B3F09D09C}.Debug|Any CPU.Build.0 = Debug|Any CPU
		{2FEFD7DD-F6F0-4DED-8795-A08B3F09D09C}.Release|Any CPU.ActiveCfg = Release|Any CPU
		{2FEFD7DD-F6F0-4DED-8795-A08B3F09D09C}.Release|Any CPU.Build.0 = Release|Any CPU
	EndGlobalSection
	GlobalSection(SolutionProperties) = preSolution
		HideSolutionNode = FALSE
	EndGlobalSection
	GlobalSection(ExtensibilityGlobals) = postSolution
		SolutionGuid = {AC848E11-0126-4EBE-B100-E633EDE7642E}
	EndGlobalSection
EndGlobal
